{
  "pins" : [
    {
      "identity" : "rangeuislider",
      "kind" : "remoteSourceControl",
      "location" : "https://github.com/chicio/RangeUISlider",
      "state" : {
        "revision" : "b1e8242eb7ab07051721a2d7b937cd75ca129ebf",
        "version" : "4.0.1"
      }
    }
  ],
  "version" : 2
}
